
Microsoft Visual Studio Solution File, Format Version 12.00
# Visual Studio Version 17
VisualStudioVersion = 17.13.35931.197 d17.13
MinimumVisualStudioVersion = 10.0.40219.1
Project("{FAE04EC0-301F-11D3-BF4B-00C04F79EFBC}") = "group#13(YenTing&Favour)_Lab#3", "group#13(YenTing&Favour)_Lab#3\group#13(YenTing&Favour)_Lab#3.csproj", "{B7111E61-0BB7-45F0-A32F-18E403DDC5FF}"
EndProject
Global
	GlobalSection(SolutionConfigurationPlatforms) = preSolution
		Debug|Any CPU = Debug|Any CPU
		Release|Any CPU = Release|Any CPU
	EndGlobalSection
	GlobalSection(ProjectConfigurationPlatforms) = postSolution
		{B7111E61-0BB7-45F0-A32F-18E403DDC5FF}.Debug|Any CPU.ActiveCfg = Debug|Any CPU
		{B7111E61-0BB7-45F0-A32F-18E403DDC5FF}.Debug|Any CPU.Build.0 = Debug|Any CPU
		{B7111E61-0BB7-45F0-A32F-18E403DDC5FF}.Release|Any CPU.ActiveCfg = Release|Any CPU
		{B7111E61-0BB7-45F0-A32F-18E403DDC5FF}.Release|Any CPU.Build.0 = Release|Any CPU
	EndGlobalSection
	GlobalSection(SolutionProperties) = preSolution
		HideSolutionNode = FALSE
	EndGlobalSection
	GlobalSection(ExtensibilityGlobals) = postSolution
		SolutionGuid = {D5541C3C-89E0-42F9-AFE1-9C7E96E3E4BD}
	EndGlobalSection
EndGlobal
